
Microsoft Visual Studio Solution File, Format Version 12.00
# Visual Studio Version 16
VisualStudioVersion = 16.0.29324.140
MinimumVisualStudioVersion = 10.0.40219.1
Project("{FAE04EC0-301F-11D3-BF4B-00C04F79EFBC}") = "1231", "1231\1231.csproj", "{C2120764-3256-4E1D-88AB-B335A6E21C6F}"
EndProject
Global
	GlobalSection(SolutionConfigurationPlatforms) = preSolution
		Debug|Any CPU = Debug|Any CPU
		Release|Any CPU = Release|Any CPU
	EndGlobalSection
	GlobalSection(ProjectConfigurationPlatforms) = postSolution
		{C2120764-3256-4E1D-88AB-B335A6E21C6F}.Debug|Any CPU.ActiveCfg = Debug|Any CPU
		{C2120764-3256-4E1D-88AB-B335A6E21C6F}.Debug|Any CPU.Build.0 = Debug|Any CPU
		{C2120764-3256-4E1D-88AB-B335A6E21C6F}.Release|Any CPU.ActiveCfg = Release|Any CPU
		{C2120764-3256-4E1D-88AB-B335A6E21C6F}.Release|Any CPU.Build.0 = Release|Any CPU
	EndGlobalSection
	GlobalSection(SolutionProperties) = preSolution
		HideSolutionNode = FALSE
	EndGlobalSection
	GlobalSection(ExtensibilityGlobals) = postSolution
		SolutionGuid = {937CB64F-39A3-4228-906E-E56BAE27B1FE}
	EndGlobalSection
EndGlobal
